
Microsoft Visual Studio Solution File, Format Version 12.00
# Visual Studio Version 17
VisualStudioVersion = 17.7.34031.279
MinimumVisualStudioVersion = 10.0.40219.1
Project("{FAE04EC0-301F-11D3-BF4B-00C04F79EFBC}") = "CreateTech", "CreateTech.csproj", "{C524FB3E-270D-4258-B884-B254FC5C260D}"
EndProject
Global
	GlobalSection(SolutionConfigurationPlatforms) = preSolution
		Debug|Any CPU = Debug|Any CPU
		Release|Any CPU = Release|Any CPU
	EndGlobalSection
	GlobalSection(ProjectConfigurationPlatforms) = postSolution
		{C524FB3E-270D-4258-B884-B254FC5C260D}.Debug|Any CPU.ActiveCfg = Debug|Any CPU
		{C524FB3E-270D-4258-B884-B254FC5C260D}.Debug|Any CPU.Build.0 = Debug|Any CPU
		{C524FB3E-270D-4258-B884-B254FC5C260D}.Release|Any CPU.ActiveCfg = Release|Any CPU
		{C524FB3E-270D-4258-B884-B254FC5C260D}.Release|Any CPU.Build.0 = Release|Any CPU
	EndGlobalSection
	GlobalSection(SolutionProperties) = preSolution
		HideSolutionNode = FALSE
	EndGlobalSection
	GlobalSection(ExtensibilityGlobals) = postSolution
		SolutionGuid = {963950B5-56D7-43B8-96BF-A261CB49F56B}
	EndGlobalSection
EndGlobal
